// !$*UTF8*$!
{
	archiveVersion = 1;
	classes = {
	};
	objectVersion = 77;
	objects = {

/* Begin PBXBuildFile section */
		0419BE025A39877373BDBDFB /* UpdateInstallLog.swift in Sources */ = {isa = PBXBuildFile; fileRef = 098B35DAE350505F007B6800 /* UpdateInstallLog.swift */; };
		088AE0DEC7CC891C4C5F0F9D /* LongTake.swift in Sources */ = {isa = PBXBuildFile; fileRef = 9769980C86707AB396B34360 /* LongTake.swift */; };
		132A50F2FDD7D01010C7EE19 /* MenuBarView.swift in Sources */ = {isa = PBXBuildFile; fileRef = 60608F356F0FD1CEB252ECB7 /* MenuBarView.swift */; };
		18B6B2A9941C3D8D4041791B /* OpenAIPolisher.swift in Sources */ = {isa = PBXBuildFile; fileRef = 005FD23F400A298F93508D18 /* OpenAIPolisher.swift */; };
		1BBDFC011CF6AA23F30046CD /* AppUpdateFeed.swift in Sources */ = {isa = PBXBuildFile; fileRef = 4BEC390D07740C11C29482E4 /* AppUpdateFeed.swift */; };
		1D50AA3CEE8B37409DA4B35B /* AudioInputRoute.swift in Sources */ = {isa = PBXBuildFile; fileRef = 38492DD6FC7E7B4828DC5DE4 /* AudioInputRoute.swift */; };
		22AB783D17862B8DDB743D56 /* SessionContextEditor.swift in Sources */ = {isa = PBXBuildFile; fileRef = 4EEFF6A4C488C19CF87AF301 /* SessionContextEditor.swift */; };
		2492640D252CC0BB949F2270 /* WindowFocus.swift in Sources */ = {isa = PBXBuildFile; fileRef = A5763CB6E982097551A2347A /* WindowFocus.swift */; };
		257AE55C48A885FAEF6FADFC /* OnboardingView.swift in Sources */ = {isa = PBXBuildFile; fileRef = 68A7E52EF80A958922373895 /* OnboardingView.swift */; };
		2DE43BEE1ABCCCDE4B8FEB29 /* HotKeyManager.swift in Sources */ = {isa = PBXBuildFile; fileRef = F44C4928A4E716CB8E7823B2 /* HotKeyManager.swift */; };
		2F1717D4C171D98E7CB9F02A /* MLXHuggingFace in Frameworks */ = {isa = PBXBuildFile; productRef = 07733DD05D803280B3B375D4 /* MLXHuggingFace */; };
		2FF5D8B56F80FE4E08146279 /* TranscriptionService.swift in Sources */ = {isa = PBXBuildFile; fileRef = AFF3498DCEDC9A6C7A5A13A6 /* TranscriptionService.swift */; };
		3602BFC7FCCDE16F91B95D0E /* DictationLogStore.swift in Sources */ = {isa = PBXBuildFile; fileRef = 7C627BF10D2B7C3284F755F0 /* DictationLogStore.swift */; };
		3652AD33B51E663C9EF4B337 /* LocalLLMPolisher.swift in Sources */ = {isa = PBXBuildFile; fileRef = 952854698DE0B29BA5C9B04D /* LocalLLMPolisher.swift */; };
		3734CB93A0CCF86BB2613CEC /* SettingsStore.swift in Sources */ = {isa = PBXBuildFile; fileRef = 01AB713D392D16F27F752ED0 /* SettingsStore.swift */; };
		384CCA80F4FE7FD229820D14 /* AppIdentity.swift in Sources */ = {isa = PBXBuildFile; fileRef = 3FD7BCA370B0A64EFE693B5A /* AppIdentity.swift */; };
		390F2B285D4D8AC4D4C0F701 /* DictationLogExport.swift in Sources */ = {isa = PBXBuildFile; fileRef = FAE522E456080B082DC0DABF /* DictationLogExport.swift */; };
		3FB6C82544D4158E809278BE /* MLXLMCommon in Frameworks */ = {isa = PBXBuildFile; productRef = 990F8351E51D2E2961AF2CE4 /* MLXLMCommon */; };
		3FDBFD6B24BF76442776DEE2 /* TextInserter.swift in Sources */ = {isa = PBXBuildFile; fileRef = F5D1E69A1A5E6E68B60D9D97 /* TextInserter.swift */; };
		40D1512B4165FAA3F8FB2FF2 /* DictationLogExport.swift in Sources */ = {isa = PBXBuildFile; fileRef = FAE522E456080B082DC0DABF /* DictationLogExport.swift */; };
		45354C8D732D69C393A1AB34 /* PolishChunker.swift in Sources */ = {isa = PBXBuildFile; fileRef = DCFDFA4E1C92A8DDA98C67A3 /* PolishChunker.swift */; };
		476BA72EBF0492CCC55DF26C /* MLXLLM in Frameworks */ = {isa = PBXBuildFile; productRef = 85AA4A641FF9EABF44C46867 /* MLXLLM */; };
		4C69688248E40969DCF7AD85 /* WhisperKit in Frameworks */ = {isa = PBXBuildFile; productRef = 8CE719A87227A909E499E466 /* WhisperKit */; };
		55508417CAC3686AF9D7212F /* RecordingHUD.swift in Sources */ = {isa = PBXBuildFile; fileRef = 22AEB3874E72F1200F202546 /* RecordingHUD.swift */; };
		58BE50F5E1BFFD45650943DE /* AudioInputRoute.swift in Sources */ = {isa = PBXBuildFile; fileRef = 38492DD6FC7E7B4828DC5DE4 /* AudioInputRoute.swift */; };
		59C0B52FB06EF6786BA03CE5 /* DictationController.swift in Sources */ = {isa = PBXBuildFile; fileRef = 094325BD00C73626F5A7D8BF /* DictationController.swift */; };
		5C1D1E7AC805E51D84AD54C5 /* HuggingFace in Frameworks */ = {isa = PBXBuildFile; productRef = CAFAF41E8683133E12EEB1FE /* HuggingFace */; };
		60B13AE43169CE7EBAD95865 /* Speech.framework in Frameworks */ = {isa = PBXBuildFile; fileRef = B53D098CD2A4802900B6D9D9 /* Speech.framework */; };
		60BCEDF705CF32282A4457AD /* PolishPipelineTests.swift in Sources */ = {isa = PBXBuildFile; fileRef = 14A5CF427A1C63EF7644AD6F /* PolishPipelineTests.swift */; };
		62B37D9DFC002EF40881E882 /* AppIdentity.swift in Sources */ = {isa = PBXBuildFile; fileRef = 3FD7BCA370B0A64EFE693B5A /* AppIdentity.swift */; };
		62C033A5E33A9B81628F3FDB /* AppleSpeechASR.swift in Sources */ = {isa = PBXBuildFile; fileRef = E98A3D822AC9524A9D7D1910 /* AppleSpeechASR.swift */; };
		64481EF421E2A8C3DE691C1D /* DictionaryCSV.swift in Sources */ = {isa = PBXBuildFile; fileRef = 135B2C9F9BB17CBFFB34A72A /* DictionaryCSV.swift */; };
		68484A6EFE8E4A48F43AE7BE /* AudioRecorder.swift in Sources */ = {isa = PBXBuildFile; fileRef = F83D3461601CD53D69C8AE0F /* AudioRecorder.swift */; };
		6D0706181BF3DB82CFFF3920 /* LongTakeTests.swift in Sources */ = {isa = PBXBuildFile; fileRef = 435324015BC35AEEC0DC93D2 /* LongTakeTests.swift */; };
		6EA5DB88FB4467EF92F57E28 /* Tokenizers in Frameworks */ = {isa = PBXBuildFile; productRef = FFC84E10821749934C2E6D9B /* Tokenizers */; };
		6F266AE8D7475ADF5A0D2623 /* SessionContext.swift in Sources */ = {isa = PBXBuildFile; fileRef = 9AB6090B6FF0C21E7AF192D6 /* SessionContext.swift */; };
		71D93DE7E9B354768A78903C /* AnthropicPolisher.swift in Sources */ = {isa = PBXBuildFile; fileRef = 6FCC628C5CD310EC5C6F34E0 /* AnthropicPolisher.swift */; };
		74B63A76DB2EADA597458D6B /* CleanupPrompt.swift in Sources */ = {isa = PBXBuildFile; fileRef = 48CBEDA339771ED2790D9F89 /* CleanupPrompt.swift */; };
		76EDAF7D6575021EF872530A /* TextPolisher.swift in Sources */ = {isa = PBXBuildFile; fileRef = D3C75C3C8A0CD848C604E695 /* TextPolisher.swift */; };
		7AE90627E94B12E6739392B7 /* CleanupPrompt.swift in Sources */ = {isa = PBXBuildFile; fileRef = 48CBEDA339771ED2790D9F89 /* CleanupPrompt.swift */; };
		7CD28AD170006A1D5E402AE7 /* AppUpdateFeed.swift in Sources */ = {isa = PBXBuildFile; fileRef = 4BEC390D07740C11C29482E4 /* AppUpdateFeed.swift */; };
		82932228A06406AFBCB3ABDE /* SettingsView.swift in Sources */ = {isa = PBXBuildFile; fileRef = 7E19E3CCC2AD2335AECE85AB /* SettingsView.swift */; };
		88285ED6492EAAD162363053 /* UpdateInstallLog.swift in Sources */ = {isa = PBXBuildFile; fileRef = 098B35DAE350505F007B6800 /* UpdateInstallLog.swift */; };
		8CB4AE65290CB518D6619D7F /* SessionContextTests.swift in Sources */ = {isa = PBXBuildFile; fileRef = CA97989F10BB9CC020C7F483 /* SessionContextTests.swift */; };
		8D5FFBBE4122E24EC20BBBC0 /* CloudModelCatalog.swift in Sources */ = {isa = PBXBuildFile; fileRef = 285457187AB8A99CEE67EBD3 /* CloudModelCatalog.swift */; };
		91CC81B9A54FFF2FECC92B8D /* AppDelegate.swift in Sources */ = {isa = PBXBuildFile; fileRef = BF1A64FD176FFE5438A4E051 /* AppDelegate.swift */; };
		9AB3E4B1BE721A705E68FF52 /* DictionaryCSV.swift in Sources */ = {isa = PBXBuildFile; fileRef = 135B2C9F9BB17CBFFB34A72A /* DictionaryCSV.swift */; };
		A2E42C73CB6EC1F334ACE67F /* AppUpdater.swift in Sources */ = {isa = PBXBuildFile; fileRef = 0F293F5BB80064BB9F9A755B /* AppUpdater.swift */; };
		AC7398423F83CA65BB82A17A /* DictationLogExportTests.swift in Sources */ = {isa = PBXBuildFile; fileRef = 38ADAC703311FF92E61C5EF2 /* DictationLogExportTests.swift */; };
		ACAF76996E8C668DA5DD5B75 /* PermissionManager.swift in Sources */ = {isa = PBXBuildFile; fileRef = B38C1D3FD905430B8186554D /* PermissionManager.swift */; };
		ACDF4257E090B5ECF7FBA95D /* CloudModelCatalog.swift in Sources */ = {isa = PBXBuildFile; fileRef = 285457187AB8A99CEE67EBD3 /* CloudModelCatalog.swift */; };
		B1D64CFE2C0FABC6720B622F /* DictationLogStore.swift in Sources */ = {isa = PBXBuildFile; fileRef = 7C627BF10D2B7C3284F755F0 /* DictationLogStore.swift */; };
		B916FB2C7469C02FC54B3A0F /* TextInserter.swift in Sources */ = {isa = PBXBuildFile; fileRef = F5D1E69A1A5E6E68B60D9D97 /* TextInserter.swift */; };
		C0D2F80461008C6015974BDA /* TextPolisher.swift in Sources */ = {isa = PBXBuildFile; fileRef = D3C75C3C8A0CD848C604E695 /* TextPolisher.swift */; };
		C8AF85C8CA7C1B8F3B32390C /* SessionContext.swift in Sources */ = {isa = PBXBuildFile; fileRef = 9AB6090B6FF0C21E7AF192D6 /* SessionContext.swift */; };
		C95BBC1A2136CBE32CCE248C /* PolishChunker.swift in Sources */ = {isa = PBXBuildFile; fileRef = DCFDFA4E1C92A8DDA98C67A3 /* PolishChunker.swift */; };
		CBA348D127EC79309CBBFEA0 /* GemmaMLXPolisher.swift in Sources */ = {isa = PBXBuildFile; fileRef = 4BB256320A449D858060B134 /* GemmaMLXPolisher.swift */; };
		DC4C53ADA10C148A6467AF8E /* LongTake.swift in Sources */ = {isa = PBXBuildFile; fileRef = 9769980C86707AB396B34360 /* LongTake.swift */; };
		E5B382402026A0EA34458CA6 /* DictationLogView.swift in Sources */ = {isa = PBXBuildFile; fileRef = 9B2368773CE8F483F2B05DC9 /* DictationLogView.swift */; };
		F4C3CE0FA33D73AC4444CF46 /* FluidAudio in Frameworks */ = {isa = PBXBuildFile; productRef = A99161BEE11539679C79444C /* FluidAudio */; };
		F55B6AD2BE935B1AB1C599D8 /* AudioInputRouteTests.swift in Sources */ = {isa = PBXBuildFile; fileRef = D2F4DE6071F327928C57D2E6 /* AudioInputRouteTests.swift */; };
		FA8A33D7AD3D3AAC906F95F6 /* WhisperLocalApp.swift in Sources */ = {isa = PBXBuildFile; fileRef = 748E974DF04BD7DC99D7796A /* WhisperLocalApp.swift */; };
		FC265F40D5DBB593351122A5 /* Assets.xcassets in Resources */ = {isa = PBXBuildFile; fileRef = D3A0E540785AF85E8AAB0D1B /* Assets.xcassets */; };
/* End PBXBuildFile section */

/* Begin PBXFileReference section */
		005FD23F400A298F93508D18 /* OpenAIPolisher.swift */ = {isa = PBXFileReference; lastKnownFileType = sourcecode.swift; path = OpenAIPolisher.swift; sourceTree = "<group>"; };
		01AB713D392D16F27F752ED0 /* SettingsStore.swift */ = {isa = PBXFileReference; lastKnownFileType = sourcecode.swift; path = SettingsStore.swift; sourceTree = "<group>"; };
		094325BD00C73626F5A7D8BF /* DictationController.swift */ = {isa = PBXFileReference; lastKnownFileType = sourcecode.swift; path = DictationController.swift; sourceTree = "<group>"; };
		098B35DAE350505F007B6800 /* UpdateInstallLog.swift */ = {isa = PBXFileReference; lastKnownFileType = sourcecode.swift; path = UpdateInstallLog.swift; sourceTree = "<group>"; };
		0F293F5BB80064BB9F9A755B /* AppUpdater.swift */ = {isa = PBXFileReference; lastKnownFileType = sourcecode.swift; path = AppUpdater.swift; sourceTree = "<group>"; };
		135B2C9F9BB17CBFFB34A72A /* DictionaryCSV.swift */ = {isa = PBXFileReference; lastKnownFileType = sourcecode.swift; path = DictionaryCSV.swift; sourceTree = "<group>"; };
		14A5CF427A1C63EF7644AD6F /* PolishPipelineTests.swift */ = {isa = PBXFileReference; lastKnownFileType = sourcecode.swift; path = PolishPipelineTests.swift; sourceTree = "<group>"; };
		22AEB3874E72F1200F202546 /* RecordingHUD.swift */ = {isa = PBXFileReference; lastKnownFileType = sourcecode.swift; path = RecordingHUD.swift; sourceTree = "<group>"; };
		285457187AB8A99CEE67EBD3 /* CloudModelCatalog.swift */ = {isa = PBXFileReference; lastKnownFileType = sourcecode.swift; path = CloudModelCatalog.swift; sourceTree = "<group>"; };
		3711BFF5E9F6F19E30941906 /* WhisperLocal.entitlements */ = {isa = PBXFileReference; lastKnownFileType = text.plist.entitlements; path = WhisperLocal.entitlements; sourceTree = "<group>"; };
		38492DD6FC7E7B4828DC5DE4 /* AudioInputRoute.swift */ = {isa = PBXFileReference; lastKnownFileType = sourcecode.swift; path = AudioInputRoute.swift; sourceTree = "<group>"; };
		38ADAC703311FF92E61C5EF2 /* DictationLogExportTests.swift */ = {isa = PBXFileReference; lastKnownFileType = sourcecode.swift; path = DictationLogExportTests.swift; sourceTree = "<group>"; };
		3FD7BCA370B0A64EFE693B5A /* AppIdentity.swift */ = {isa = PBXFileReference; lastKnownFileType = sourcecode.swift; path = AppIdentity.swift; sourceTree = "<group>"; };
		435324015BC35AEEC0DC93D2 /* LongTakeTests.swift */ = {isa = PBXFileReference; lastKnownFileType = sourcecode.swift; path = LongTakeTests.swift; sourceTree = "<group>"; };
		48CBEDA339771ED2790D9F89 /* CleanupPrompt.swift */ = {isa = PBXFileReference; lastKnownFileType = sourcecode.swift; path = CleanupPrompt.swift; sourceTree = "<group>"; };
		4BB256320A449D858060B134 /* GemmaMLXPolisher.swift */ = {isa = PBXFileReference; lastKnownFileType = sourcecode.swift; path = GemmaMLXPolisher.swift; sourceTree = "<group>"; };
		4BEC390D07740C11C29482E4 /* AppUpdateFeed.swift */ = {isa = PBXFileReference; lastKnownFileType = sourcecode.swift; path = AppUpdateFeed.swift; sourceTree = "<group>"; };
		4EEFF6A4C488C19CF87AF301 /* SessionContextEditor.swift */ = {isa = PBXFileReference; lastKnownFileType = sourcecode.swift; path = SessionContextEditor.swift; sourceTree = "<group>"; };
		60608F356F0FD1CEB252ECB7 /* MenuBarView.swift */ = {isa = PBXFileReference; lastKnownFileType = sourcecode.swift; path = MenuBarView.swift; sourceTree = "<group>"; };
		68A7E52EF80A958922373895 /* OnboardingView.swift */ = {isa = PBXFileReference; lastKnownFileType = sourcecode.swift; path = OnboardingView.swift; sourceTree = "<group>"; };
		6FCC628C5CD310EC5C6F34E0 /* AnthropicPolisher.swift */ = {isa = PBXFileReference; lastKnownFileType = sourcecode.swift; path = AnthropicPolisher.swift; sourceTree = "<group>"; };
		748E974DF04BD7DC99D7796A /* WhisperLocalApp.swift */ = {isa = PBXFileReference; lastKnownFileType = sourcecode.swift; path = WhisperLocalApp.swift; sourceTree = "<group>"; };
		7C627BF10D2B7C3284F755F0 /* DictationLogStore.swift */ = {isa = PBXFileReference; lastKnownFileType = sourcecode.swift; path = DictationLogStore.swift; sourceTree = "<group>"; };
		7E19E3CCC2AD2335AECE85AB /* SettingsView.swift */ = {isa = PBXFileReference; lastKnownFileType = sourcecode.swift; path = SettingsView.swift; sourceTree = "<group>"; };
		8FFA29539CB2FD9B242651AC /* Info.plist */ = {isa = PBXFileReference; lastKnownFileType = text.plist; path = Info.plist; sourceTree = "<group>"; };
		9063065B5D3C8667013BA702 /* WhisperLocalTests.xctest */ = {isa = PBXFileReference; explicitFileType = wrapper.cfbundle; includeInIndex = 0; path = WhisperLocalTests.xctest; sourceTree = BUILT_PRODUCTS_DIR; };
		952854698DE0B29BA5C9B04D /* LocalLLMPolisher.swift */ = {isa = PBXFileReference; lastKnownFileType = sourcecode.swift; path = LocalLLMPolisher.swift; sourceTree = "<group>"; };
		9769980C86707AB396B34360 /* LongTake.swift */ = {isa = PBXFileReference; lastKnownFileType = sourcecode.swift; path = LongTake.swift; sourceTree = "<group>"; };
		9AB6090B6FF0C21E7AF192D6 /* SessionContext.swift */ = {isa = PBXFileReference; lastKnownFileType = sourcecode.swift; path = SessionContext.swift; sourceTree = "<group>"; };
		9B2368773CE8F483F2B05DC9 /* DictationLogView.swift */ = {isa = PBXFileReference; lastKnownFileType = sourcecode.swift; path = DictationLogView.swift; sourceTree = "<group>"; };
		A5763CB6E982097551A2347A /* WindowFocus.swift */ = {isa = PBXFileReference; lastKnownFileType = sourcecode.swift; path = WindowFocus.swift; sourceTree = "<group>"; };
		AFF3498DCEDC9A6C7A5A13A6 /* TranscriptionService.swift */ = {isa = PBXFileReference; lastKnownFileType = sourcecode.swift; path = TranscriptionService.swift; sourceTree = "<group>"; };
		B38C1D3FD905430B8186554D /* PermissionManager.swift */ = {isa = PBXFileReference; lastKnownFileType = sourcecode.swift; path = PermissionManager.swift; sourceTree = "<group>"; };
		B53D098CD2A4802900B6D9D9 /* Speech.framework */ = {isa = PBXFileReference; lastKnownFileType = wrapper.framework; name = Speech.framework; path = System/Library/Frameworks/Speech.framework; sourceTree = SDKROOT; };
		BF1A64FD176FFE5438A4E051 /* AppDelegate.swift */ = {isa = PBXFileReference; lastKnownFileType = sourcecode.swift; path = AppDelegate.swift; sourceTree = "<group>"; };
		CA97989F10BB9CC020C7F483 /* SessionContextTests.swift */ = {isa = PBXFileReference; lastKnownFileType = sourcecode.swift; path = SessionContextTests.swift; sourceTree = "<group>"; };
		D036D4D666946E1E4C5A30F9 /* WhisperLocal.app */ = {isa = PBXFileReference; explicitFileType = wrapper.application; includeInIndex = 0; path = WhisperLocal.app; sourceTree = BUILT_PRODUCTS_DIR; };
		D2F4DE6071F327928C57D2E6 /* AudioInputRouteTests.swift */ = {isa = PBXFileReference; lastKnownFileType = sourcecode.swift; path = AudioInputRouteTests.swift; sourceTree = "<group>"; };
		D3A0E540785AF85E8AAB0D1B /* Assets.xcassets */ = {isa = PBXFileReference; lastKnownFileType = folder.assetcatalog; path = Assets.xcassets; sourceTree = "<group>"; };
		D3C75C3C8A0CD848C604E695 /* TextPolisher.swift */ = {isa = PBXFileReference; lastKnownFileType = sourcecode.swift; path = TextPolisher.swift; sourceTree = "<group>"; };
		DCFDFA4E1C92A8DDA98C67A3 /* PolishChunker.swift */ = {isa = PBXFileReference; lastKnownFileType = sourcecode.swift; path = PolishChunker.swift; sourceTree = "<group>"; };
		E98A3D822AC9524A9D7D1910 /* AppleSpeechASR.swift */ = {isa = PBXFileReference; lastKnownFileType = sourcecode.swift; path = AppleSpeechASR.swift; sourceTree = "<group>"; };
		F44C4928A4E716CB8E7823B2 /* HotKeyManager.swift */ = {isa = PBXFileReference; lastKnownFileType = sourcecode.swift; path = HotKeyManager.swift; sourceTree = "<group>"; };
		F5D1E69A1A5E6E68B60D9D97 /* TextInserter.swift */ = {isa = PBXFileReference; lastKnownFileType = sourcecode.swift; path = TextInserter.swift; sourceTree = "<group>"; };
		F83D3461601CD53D69C8AE0F /* AudioRecorder.swift */ = {isa = PBXFileReference; lastKnownFileType = sourcecode.swift; path = AudioRecorder.swift; sourceTree = "<group>"; };
		FAE522E456080B082DC0DABF /* DictationLogExport.swift */ = {isa = PBXFileReference; lastKnownFileType = sourcecode.swift; path = DictationLogExport.swift; sourceTree = "<group>"; };
/* End PBXFileReference section */

/* Begin PBXFrameworksBuildPhase section */
		FAB7CE4CD7E2F13677548998 /* Frameworks */ = {
			isa = PBXFrameworksBuildPhase;
			buildActionMask = 2147483647;
			files = (
				4C69688248E40969DCF7AD85 /* WhisperKit in Frameworks */,
				F4C3CE0FA33D73AC4444CF46 /* FluidAudio in Frameworks */,
				476BA72EBF0492CCC55DF26C /* MLXLLM in Frameworks */,
				3FB6C82544D4158E809278BE /* MLXLMCommon in Frameworks */,
				2F1717D4C171D98E7CB9F02A /* MLXHuggingFace in Frameworks */,
				5C1D1E7AC805E51D84AD54C5 /* HuggingFace in Frameworks */,
				6EA5DB88FB4467EF92F57E28 /* Tokenizers in Frameworks */,
				60B13AE43169CE7EBAD95865 /* Speech.framework in Frameworks */,
			);
			runOnlyForDeploymentPostprocessing = 0;
		};
/* End PBXFrameworksBuildPhase section */

/* Begin PBXGroup section */
		28AEFF35AC96BED533FA34F0 /* State */ = {
			isa = PBXGroup;
			children = (
				094325BD00C73626F5A7D8BF /* DictationController.swift */,
				FAE522E456080B082DC0DABF /* DictationLogExport.swift */,
				7C627BF10D2B7C3284F755F0 /* DictationLogStore.swift */,
				9AB6090B6FF0C21E7AF192D6 /* SessionContext.swift */,
				01AB713D392D16F27F752ED0 /* SettingsStore.swift */,
			);
			path = State;
			sourceTree = "<group>";
		};
		9079C57462B2AB29AF31ED6B /* App */ = {
			isa = PBXGroup;
			children = (
				BF1A64FD176FFE5438A4E051 /* AppDelegate.swift */,
				3FD7BCA370B0A64EFE693B5A /* AppIdentity.swift */,
				8FFA29539CB2FD9B242651AC /* Info.plist */,
				3711BFF5E9F6F19E30941906 /* WhisperLocal.entitlements */,
				748E974DF04BD7DC99D7796A /* WhisperLocalApp.swift */,
				A5763CB6E982097551A2347A /* WindowFocus.swift */,
			);
			path = App;
			sourceTree = "<group>";
		};
		983FF10581582ABA28517D2B /* Products */ = {
			isa = PBXGroup;
			children = (
				D036D4D666946E1E4C5A30F9 /* WhisperLocal.app */,
				9063065B5D3C8667013BA702 /* WhisperLocalTests.xctest */,
			);
			name = Products;
			sourceTree = "<group>";
		};
		9D70BF8B829721A221554791 /* Resources */ = {
			isa = PBXGroup;
			children = (
				D3A0E540785AF85E8AAB0D1B /* Assets.xcassets */,
			);
			path = Resources;
			sourceTree = "<group>";
		};
		9F04FBE5896085077AB3DE23 = {
			isa = PBXGroup;
			children = (
				D40B380022D16B7A71E1444D /* WhisperLocal */,
				BCAE4A3E70A189601A225C91 /* WhisperLocalTests */,
				A9C347BBA1C8E5B5E3DBF1E4 /* Frameworks */,
				983FF10581582ABA28517D2B /* Products */,
			);
			sourceTree = "<group>";
		};
		A9C347BBA1C8E5B5E3DBF1E4 /* Frameworks */ = {
			isa = PBXGroup;
			children = (
				B53D098CD2A4802900B6D9D9 /* Speech.framework */,
			);
			name = Frameworks;
			sourceTree = "<group>";
		};
		BCAE4A3E70A189601A225C91 /* WhisperLocalTests */ = {
			isa = PBXGroup;
			children = (
				D2F4DE6071F327928C57D2E6 /* AudioInputRouteTests.swift */,
				38ADAC703311FF92E61C5EF2 /* DictationLogExportTests.swift */,
				435324015BC35AEEC0DC93D2 /* LongTakeTests.swift */,
				14A5CF427A1C63EF7644AD6F /* PolishPipelineTests.swift */,
				CA97989F10BB9CC020C7F483 /* SessionContextTests.swift */,
			);
			path = WhisperLocalTests;
			sourceTree = "<group>";
		};
		D2B6B77DD1E0941BA34A1888 /* Services */ = {
			isa = PBXGroup;
			children = (
				E98A3D822AC9524A9D7D1910 /* AppleSpeechASR.swift */,
				4BEC390D07740C11C29482E4 /* AppUpdateFeed.swift */,
				0F293F5BB80064BB9F9A755B /* AppUpdater.swift */,
				38492DD6FC7E7B4828DC5DE4 /* AudioInputRoute.swift */,
				F83D3461601CD53D69C8AE0F /* AudioRecorder.swift */,
				F44C4928A4E716CB8E7823B2 /* HotKeyManager.swift */,
				9769980C86707AB396B34360 /* LongTake.swift */,
				B38C1D3FD905430B8186554D /* PermissionManager.swift */,
				F5D1E69A1A5E6E68B60D9D97 /* TextInserter.swift */,
				AFF3498DCEDC9A6C7A5A13A6 /* TranscriptionService.swift */,
				098B35DAE350505F007B6800 /* UpdateInstallLog.swift */,
				FCBE5731A94F371D5D22BC13 /* Polishers */,
			);
			path = Services;
			sourceTree = "<group>";
		};
		D40B380022D16B7A71E1444D /* WhisperLocal */ = {
			isa = PBXGroup;
			children = (
				9079C57462B2AB29AF31ED6B /* App */,
				9D70BF8B829721A221554791 /* Resources */,
				D2B6B77DD1E0941BA34A1888 /* Services */,
				28AEFF35AC96BED533FA34F0 /* State */,
				EA7BDC8FFB5C25084EF79BDB /* UI */,
			);
			path = WhisperLocal;
			sourceTree = "<group>";
		};
		EA7BDC8FFB5C25084EF79BDB /* UI */ = {
			isa = PBXGroup;
			children = (
				9B2368773CE8F483F2B05DC9 /* DictationLogView.swift */,
				60608F356F0FD1CEB252ECB7 /* MenuBarView.swift */,
				68A7E52EF80A958922373895 /* OnboardingView.swift */,
				22AEB3874E72F1200F202546 /* RecordingHUD.swift */,
				4EEFF6A4C488C19CF87AF301 /* SessionContextEditor.swift */,
				7E19E3CCC2AD2335AECE85AB /* SettingsView.swift */,
			);
			path = UI;
			sourceTree = "<group>";
		};
		FCBE5731A94F371D5D22BC13 /* Polishers */ = {
			isa = PBXGroup;
			children = (
				6FCC628C5CD310EC5C6F34E0 /* AnthropicPolisher.swift */,
				48CBEDA339771ED2790D9F89 /* CleanupPrompt.swift */,
				285457187AB8A99CEE67EBD3 /* CloudModelCatalog.swift */,
				135B2C9F9BB17CBFFB34A72A /* DictionaryCSV.swift */,
				4BB256320A449D858060B134 /* GemmaMLXPolisher.swift */,
				952854698DE0B29BA5C9B04D /* LocalLLMPolisher.swift */,
				005FD23F400A298F93508D18 /* OpenAIPolisher.swift */,
				DCFDFA4E1C92A8DDA98C67A3 /* PolishChunker.swift */,
				D3C75C3C8A0CD848C604E695 /* TextPolisher.swift */,
			);
			path = Polishers;
			sourceTree = "<group>";
		};
/* End PBXGroup section */

/* Begin PBXNativeTarget section */
		D0D2ABE644389D35D8964EBD /* WhisperLocal */ = {
			isa = PBXNativeTarget;
			buildConfigurationList = 0FE4DE226FFCF51506B27845 /* Build configuration list for PBXNativeTarget "WhisperLocal" */;
			buildPhases = (
				81E85AFB47DE9376D4438A0C /* Sources */,
				AB9EC657F04C4BC1AC8BBE18 /* Resources */,
				FAB7CE4CD7E2F13677548998 /* Frameworks */,
			);
			buildRules = (
			);
			dependencies = (
			);
			name = WhisperLocal;
			packageProductDependencies = (
				8CE719A87227A909E499E466 /* WhisperKit */,
				A99161BEE11539679C79444C /* FluidAudio */,
				85AA4A641FF9EABF44C46867 /* MLXLLM */,
				990F8351E51D2E2961AF2CE4 /* MLXLMCommon */,
				07733DD05D803280B3B375D4 /* MLXHuggingFace */,
				CAFAF41E8683133E12EEB1FE /* HuggingFace */,
				FFC84E10821749934C2E6D9B /* Tokenizers */,
			);
			productName = WhisperLocal;
			productReference = D036D4D666946E1E4C5A30F9 /* WhisperLocal.app */;
			productType = "com.apple.product-type.application";
		};
		D8C8EEBC917404F0C6ECF69B /* WhisperLocalTests */ = {
			isa = PBXNativeTarget;
			buildConfigurationList = 8F4215B6B4C2B66E752B4146 /* Build configuration list for PBXNativeTarget "WhisperLocalTests" */;
			buildPhases = (
				1C35CB102BEE55CCE254D855 /* Sources */,
			);
			buildRules = (
			);
			dependencies = (
			);
			name = WhisperLocalTests;
			packageProductDependencies = (
			);
			productName = WhisperLocalTests;
			productReference = 9063065B5D3C8667013BA702 /* WhisperLocalTests.xctest */;
			productType = "com.apple.product-type.bundle.unit-test";
		};
/* End PBXNativeTarget section */

/* Begin PBXProject section */
		C2FB6AF18A2DC3B034D68CB8 /* Project object */ = {
			isa = PBXProject;
			attributes = {
				BuildIndependentTargetsInParallel = YES;
				LastUpgradeCheck = 2600;
				TargetAttributes = {
					D0D2ABE644389D35D8964EBD = {
						ProvisioningStyle = Automatic;
					};
					D8C8EEBC917404F0C6ECF69B = {
						ProvisioningStyle = Manual;
					};
				};
			};
			buildConfigurationList = F15A5C628E6F9362E6449999 /* Build configuration list for PBXProject "WhisperLocal" */;
			developmentRegion = en;
			hasScannedForEncodings = 0;
			knownRegions = (
				Base,
				en,
			);
			mainGroup = 9F04FBE5896085077AB3DE23;
			minimizedProjectReferenceProxies = 1;
			packageReferences = (
				32EA04F18C506FD8179D7911 /* XCRemoteSwiftPackageReference "FluidAudio" */,
				B80C21C6E0B97E8FDAEBC56A /* XCRemoteSwiftPackageReference "argmax-oss-swift" */,
				2CBF6F27E19EFB8236BF6362 /* XCRemoteSwiftPackageReference "mlx-swift-lm" */,
				F66139AC7C3F12A98E84B06C /* XCRemoteSwiftPackageReference "swift-huggingface" */,
				A9DE12CE3577251D6843F4A1 /* XCRemoteSwiftPackageReference "swift-transformers" */,
			);
			preferredProjectObjectVersion = 77;
			productRefGroup = 983FF10581582ABA28517D2B /* Products */;
			projectDirPath = "";
			projectRoot = "";
			targets = (
				D0D2ABE644389D35D8964EBD /* WhisperLocal */,
				D8C8EEBC917404F0C6ECF69B /* WhisperLocalTests */,
			);
		};
/* End PBXProject section */

/* Begin PBXResourcesBuildPhase section */
		AB9EC657F04C4BC1AC8BBE18 /* Resources */ = {
			isa = PBXResourcesBuildPhase;
			buildActionMask = 2147483647;
			files = (
				FC265F40D5DBB593351122A5 /* Assets.xcassets in Resources */,
			);
			runOnlyForDeploymentPostprocessing = 0;
		};
/* End PBXResourcesBuildPhase section */

/* Begin PBXSourcesBuildPhase section */
		1C35CB102BEE55CCE254D855 /* Sources */ = {
			isa = PBXSourcesBuildPhase;
			buildActionMask = 2147483647;
			files = (
				384CCA80F4FE7FD229820D14 /* AppIdentity.swift in Sources */,
				7CD28AD170006A1D5E402AE7 /* AppUpdateFeed.swift in Sources */,
				58BE50F5E1BFFD45650943DE /* AudioInputRoute.swift in Sources */,
				F55B6AD2BE935B1AB1C599D8 /* AudioInputRouteTests.swift in Sources */,
				74B63A76DB2EADA597458D6B /* CleanupPrompt.swift in Sources */,
				8D5FFBBE4122E24EC20BBBC0 /* CloudModelCatalog.swift in Sources */,
				40D1512B4165FAA3F8FB2FF2 /* DictationLogExport.swift in Sources */,
				AC7398423F83CA65BB82A17A /* DictationLogExportTests.swift in Sources */,
				B1D64CFE2C0FABC6720B622F /* DictationLogStore.swift in Sources */,
				9AB3E4B1BE721A705E68FF52 /* DictionaryCSV.swift in Sources */,
				DC4C53ADA10C148A6467AF8E /* LongTake.swift in Sources */,
				6D0706181BF3DB82CFFF3920 /* LongTakeTests.swift in Sources */,
				45354C8D732D69C393A1AB34 /* PolishChunker.swift in Sources */,
				60BCEDF705CF32282A4457AD /* PolishPipelineTests.swift in Sources */,
				6F266AE8D7475ADF5A0D2623 /* SessionContext.swift in Sources */,
				8CB4AE65290CB518D6619D7F /* SessionContextTests.swift in Sources */,
				B916FB2C7469C02FC54B3A0F /* TextInserter.swift in Sources */,
				76EDAF7D6575021EF872530A /* TextPolisher.swift in Sources */,
				88285ED6492EAAD162363053 /* UpdateInstallLog.swift in Sources */,
			);
			runOnlyForDeploymentPostprocessing = 0;
		};
		81E85AFB47DE9376D4438A0C /* Sources */ = {
			isa = PBXSourcesBuildPhase;
			buildActionMask = 2147483647;
			files = (
				71D93DE7E9B354768A78903C /* AnthropicPolisher.swift in Sources */,
				91CC81B9A54FFF2FECC92B8D /* AppDelegate.swift in Sources */,
				62B37D9DFC002EF40881E882 /* AppIdentity.swift in Sources */,
				1BBDFC011CF6AA23F30046CD /* AppUpdateFeed.swift in Sources */,
				A2E42C73CB6EC1F334ACE67F /* AppUpdater.swift in Sources */,
				62C033A5E33A9B81628F3FDB /* AppleSpeechASR.swift in Sources */,
				1D50AA3CEE8B37409DA4B35B /* AudioInputRoute.swift in Sources */,
				68484A6EFE8E4A48F43AE7BE /* AudioRecorder.swift in Sources */,
				7AE90627E94B12E6739392B7 /* CleanupPrompt.swift in Sources */,
				ACDF4257E090B5ECF7FBA95D /* CloudModelCatalog.swift in Sources */,
				59C0B52FB06EF6786BA03CE5 /* DictationController.swift in Sources */,
				390F2B285D4D8AC4D4C0F701 /* DictationLogExport.swift in Sources */,
				3602BFC7FCCDE16F91B95D0E /* DictationLogStore.swift in Sources */,
				E5B382402026A0EA34458CA6 /* DictationLogView.swift in Sources */,
				64481EF421E2A8C3DE691C1D /* DictionaryCSV.swift in Sources */,
				CBA348D127EC79309CBBFEA0 /* GemmaMLXPolisher.swift in Sources */,
				2DE43BEE1ABCCCDE4B8FEB29 /* HotKeyManager.swift in Sources */,
				3652AD33B51E663C9EF4B337 /* LocalLLMPolisher.swift in Sources */,
				088AE0DEC7CC891C4C5F0F9D /* LongTake.swift in Sources */,
				132A50F2FDD7D01010C7EE19 /* MenuBarView.swift in Sources */,
				257AE55C48A885FAEF6FADFC /* OnboardingView.swift in Sources */,
				18B6B2A9941C3D8D4041791B /* OpenAIPolisher.swift in Sources */,
				ACAF76996E8C668DA5DD5B75 /* PermissionManager.swift in Sources */,
				C95BBC1A2136CBE32CCE248C /* PolishChunker.swift in Sources */,
				55508417CAC3686AF9D7212F /* RecordingHUD.swift in Sources */,
				C8AF85C8CA7C1B8F3B32390C /* SessionContext.swift in Sources */,
				22AB783D17862B8DDB743D56 /* SessionContextEditor.swift in Sources */,
				3734CB93A0CCF86BB2613CEC /* SettingsStore.swift in Sources */,
				82932228A06406AFBCB3ABDE /* SettingsView.swift in Sources */,
				3FDBFD6B24BF76442776DEE2 /* TextInserter.swift in Sources */,
				C0D2F80461008C6015974BDA /* TextPolisher.swift in Sources */,
				2FF5D8B56F80FE4E08146279 /* TranscriptionService.swift in Sources */,
				0419BE025A39877373BDBDFB /* UpdateInstallLog.swift in Sources */,
				FA8A33D7AD3D3AAC906F95F6 /* WhisperLocalApp.swift in Sources */,
				2492640D252CC0BB949F2270 /* WindowFocus.swift in Sources */,
			);
			runOnlyForDeploymentPostprocessing = 0;
		};
/* End PBXSourcesBuildPhase section */

/* Begin XCBuildConfiguration section */
		029490343247D74F8B43044A /* Debug */ = {
			isa = XCBuildConfiguration;
			buildSettings = {
				BUNDLE_LOADER = "$(TEST_HOST)";
				CODE_SIGNING_ALLOWED = NO;
				CODE_SIGNING_REQUIRED = NO;
				CODE_SIGN_IDENTITY = "-";
				CODE_SIGN_STYLE = Manual;
				COMBINE_HIDPI_IMAGES = YES;
				GENERATE_INFOPLIST_FILE = YES;
				LD_RUNPATH_SEARCH_PATHS = (
					"$(inherited)",
					"@executable_path/../Frameworks",
					"@loader_path/../Frameworks",
				);
				MACOSX_DEPLOYMENT_TARGET = 14.0;
				PRODUCT_BUNDLE_IDENTIFIER = com.usingcolor.WhisperLocalTests;
				SDKROOT = macosx;
				SWIFT_STRICT_CONCURRENCY = minimal;
				SWIFT_VERSION = 5.10;
			};
			name = Debug;
		};
		2A886BE0DEB1469FED01F801 /* Dev */ = {
			isa = XCBuildConfiguration;
			buildSettings = {
				ARCHS = arm64;
				ASSETCATALOG_COMPILER_APPICON_NAME = AppIcon;
				CODE_SIGN_ENTITLEMENTS = WhisperLocal/App/WhisperLocal.entitlements;
				CODE_SIGN_IDENTITY = "Apple Development";
				COMBINE_HIDPI_IMAGES = YES;
				CURRENT_PROJECT_VERSION = 17;
				ENABLE_APP_SANDBOX = NO;
				ENABLE_HARDENED_RUNTIME = NO;
				EXCLUDED_ARCHS = x86_64;
				"EXCLUDED_ARCHS[sdk=macosx*]" = x86_64;
				GENERATE_INFOPLIST_FILE = NO;
				INFOPLIST_FILE = WhisperLocal/App/Info.plist;
				LD_RUNPATH_SEARCH_PATHS = (
					"$(inherited)",
					"@executable_path/../Frameworks",
				);
				MARKETING_VERSION = 0.1.9;
				ONLY_ACTIVE_ARCH = YES;
				OTHER_LDFLAGS = "$(inherited) -weak_framework FoundationModels";
				PRODUCT_BUNDLE_IDENTIFIER = com.usingcolor.WhisperLocal.dev;
				PRODUCT_NAME = "WhisperLocal Dev";
				SDKROOT = macosx;
				SWIFT_STRICT_CONCURRENCY = minimal;
				VALID_ARCHS = arm64;
			};
			name = Dev;
		};
		2BDD03CAEA5C4E15A9E0DF2F /* Dev */ = {
			isa = XCBuildConfiguration;
			buildSettings = {
				ALWAYS_SEARCH_USER_PATHS = NO;
				ARCHS = arm64;
				CLANG_ANALYZER_NONNULL = YES;
				CLANG_ANALYZER_NUMBER_OBJECT_CONVERSION = YES_AGGRESSIVE;
				CLANG_CXX_LANGUAGE_STANDARD = "gnu++14";
				CLANG_CXX_LIBRARY = "libc++";
				CLANG_ENABLE_MODULES = YES;
				CLANG_ENABLE_OBJC_ARC = YES;
				CLANG_ENABLE_OBJC_WEAK = YES;
				CLANG_WARN_BLOCK_CAPTURE_AUTORELEASING = YES;
				CLANG_WARN_BOOL_CONVERSION = YES;
				CLANG_WARN_COMMA = YES;
				CLANG_WARN_CONSTANT_CONVERSION = YES;
				CLANG_WARN_DEPRECATED_OBJC_IMPLEMENTATIONS = YES;
				CLANG_WARN_DIRECT_OBJC_ISA_USAGE = YES_ERROR;
				CLANG_WARN_DOCUMENTATION_COMMENTS = YES;
				CLANG_WARN_EMPTY_BODY = YES;
				CLANG_WARN_ENUM_CONVERSION = YES;
				CLANG_WARN_INFINITE_RECURSION = YES;
				CLANG_WARN_INT_CONVERSION = YES;
				CLANG_WARN_NON_LITERAL_NULL_CONVERSION = YES;
				CLANG_WARN_OBJC_IMPLICIT_RETAIN_SELF = YES;
				CLANG_WARN_OBJC_LITERAL_CONVERSION = YES;
				CLANG_WARN_OBJC_ROOT_CLASS = YES_ERROR;
				CLANG_WARN_QUOTED_INCLUDE_IN_FRAMEWORK_HEADER = YES;
				CLANG_WARN_RANGE_LOOP_ANALYSIS = YES;
				CLANG_WARN_STRICT_PROTOTYPES = YES;
				CLANG_WARN_SUSPICIOUS_MOVE = YES;
				CLANG_WARN_UNGUARDED_AVAILABILITY = YES_AGGRESSIVE;
				CLANG_WARN_UNREACHABLE_CODE = YES;
				CLANG_WARN__DUPLICATE_METHOD_MATCH = YES;
				CODE_SIGN_IDENTITY = "Apple Development";
				CODE_SIGN_STYLE = Automatic;
				COPY_PHASE_STRIP = NO;
				DEBUG_INFORMATION_FORMAT = "dwarf-with-dsym";
				ENABLE_HARDENED_RUNTIME = NO;
				ENABLE_NS_ASSERTIONS = NO;
				ENABLE_STRICT_OBJC_MSGSEND = YES;
				EXCLUDED_ARCHS = x86_64;
				GCC_C_LANGUAGE_STANDARD = gnu11;
				GCC_NO_COMMON_BLOCKS = YES;
				GCC_WARN_64_TO_32_BIT_CONVERSION = YES;
				GCC_WARN_ABOUT_RETURN_TYPE = YES_ERROR;
				GCC_WARN_UNDECLARED_SELECTOR = YES;
				GCC_WARN_UNINITIALIZED_AUTOS = YES_AGGRESSIVE;
				GCC_WARN_UNUSED_FUNCTION = YES;
				GCC_WARN_UNUSED_VARIABLE = YES;
				MACOSX_DEPLOYMENT_TARGET = 14.0;
				MTL_ENABLE_DEBUG_INFO = NO;
				MTL_FAST_MATH = YES;
				ONLY_ACTIVE_ARCH = YES;
				PRODUCT_BUNDLE_IDENTIFIER = com.usingcolor.WhisperLocal;
				PRODUCT_NAME = "$(TARGET_NAME)";
				SDKROOT = macosx;
				SWIFT_COMPILATION_MODE = wholemodule;
				SWIFT_OPTIMIZATION_LEVEL = "-O";
				SWIFT_VERSION = 5.10;
				VALID_ARCHS = arm64;
			};
			name = Dev;
		};
		2ECEBDCF9898E93CE6991913 /* Debug */ = {
			isa = XCBuildConfiguration;
			buildSettings = {
				ARCHS = arm64;
				ASSETCATALOG_COMPILER_APPICON_NAME = AppIcon;
				CODE_SIGN_ENTITLEMENTS = WhisperLocal/App/WhisperLocal.entitlements;
				CODE_SIGN_IDENTITY = "Apple Development";
				COMBINE_HIDPI_IMAGES = YES;
				CURRENT_PROJECT_VERSION = 17;
				ENABLE_APP_SANDBOX = NO;
				ENABLE_HARDENED_RUNTIME = NO;
				EXCLUDED_ARCHS = x86_64;
				"EXCLUDED_ARCHS[sdk=macosx*]" = x86_64;
				GENERATE_INFOPLIST_FILE = NO;
				INFOPLIST_FILE = WhisperLocal/App/Info.plist;
				LD_RUNPATH_SEARCH_PATHS = (
					"$(inherited)",
					"@executable_path/../Frameworks",
				);
				MARKETING_VERSION = 0.1.9;
				ONLY_ACTIVE_ARCH = YES;
				OTHER_LDFLAGS = "$(inherited) -weak_framework FoundationModels";
				PRODUCT_BUNDLE_IDENTIFIER = com.usingcolor.WhisperLocal.dev;
				PRODUCT_NAME = "WhisperLocal Dev";
				SDKROOT = macosx;
				SWIFT_STRICT_CONCURRENCY = minimal;
				VALID_ARCHS = arm64;
			};
			name = Debug;
		};
		4D8673E7A98E84023E4C0242 /* Release */ = {
			isa = XCBuildConfiguration;
			buildSettings = {
				ALWAYS_SEARCH_USER_PATHS = NO;
				ARCHS = arm64;
				CLANG_ANALYZER_NONNULL = YES;
				CLANG_ANALYZER_NUMBER_OBJECT_CONVERSION = YES_AGGRESSIVE;
				CLANG_CXX_LANGUAGE_STANDARD = "gnu++14";
				CLANG_CXX_LIBRARY = "libc++";
				CLANG_ENABLE_MODULES = YES;
				CLANG_ENABLE_OBJC_ARC = YES;
				CLANG_ENABLE_OBJC_WEAK = YES;
				CLANG_WARN_BLOCK_CAPTURE_AUTORELEASING = YES;
				CLANG_WARN_BOOL_CONVERSION = YES;
				CLANG_WARN_COMMA = YES;
				CLANG_WARN_CONSTANT_CONVERSION = YES;
				CLANG_WARN_DEPRECATED_OBJC_IMPLEMENTATIONS = YES;
				CLANG_WARN_DIRECT_OBJC_ISA_USAGE = YES_ERROR;
				CLANG_WARN_DOCUMENTATION_COMMENTS = YES;
				CLANG_WARN_EMPTY_BODY = YES;
				CLANG_WARN_ENUM_CONVERSION = YES;
				CLANG_WARN_INFINITE_RECURSION = YES;
				CLANG_WARN_INT_CONVERSION = YES;
				CLANG_WARN_NON_LITERAL_NULL_CONVERSION = YES;
				CLANG_WARN_OBJC_IMPLICIT_RETAIN_SELF = YES;
				CLANG_WARN_OBJC_LITERAL_CONVERSION = YES;
				CLANG_WARN_OBJC_ROOT_CLASS = YES_ERROR;
				CLANG_WARN_QUOTED_INCLUDE_IN_FRAMEWORK_HEADER = YES;
				CLANG_WARN_RANGE_LOOP_ANALYSIS = YES;
				CLANG_WARN_STRICT_PROTOTYPES = YES;
				CLANG_WARN_SUSPICIOUS_MOVE = YES;
				CLANG_WARN_UNGUARDED_AVAILABILITY = YES_AGGRESSIVE;
				CLANG_WARN_UNREACHABLE_CODE = YES;
				CLANG_WARN__DUPLICATE_METHOD_MATCH = YES;
				CODE_SIGN_IDENTITY = "Apple Development";
				CODE_SIGN_STYLE = Automatic;
				COPY_PHASE_STRIP = NO;
				DEBUG_INFORMATION_FORMAT = "dwarf-with-dsym";
				ENABLE_HARDENED_RUNTIME = NO;
				ENABLE_NS_ASSERTIONS = NO;
				ENABLE_STRICT_OBJC_MSGSEND = YES;
				EXCLUDED_ARCHS = x86_64;
				GCC_C_LANGUAGE_STANDARD = gnu11;
				GCC_NO_COMMON_BLOCKS = YES;
				GCC_WARN_64_TO_32_BIT_CONVERSION = YES;
				GCC_WARN_ABOUT_RETURN_TYPE = YES_ERROR;
				GCC_WARN_UNDECLARED_SELECTOR = YES;
				GCC_WARN_UNINITIALIZED_AUTOS = YES_AGGRESSIVE;
				GCC_WARN_UNUSED_FUNCTION = YES;
				GCC_WARN_UNUSED_VARIABLE = YES;
				MACOSX_DEPLOYMENT_TARGET = 14.0;
				MTL_ENABLE_DEBUG_INFO = NO;
				MTL_FAST_MATH = YES;
				ONLY_ACTIVE_ARCH = YES;
				PRODUCT_BUNDLE_IDENTIFIER = com.usingcolor.WhisperLocal;
				PRODUCT_NAME = "$(TARGET_NAME)";
				SDKROOT = macosx;
				SWIFT_COMPILATION_MODE = wholemodule;
				SWIFT_OPTIMIZATION_LEVEL = "-O";
				SWIFT_VERSION = 5.10;
				VALID_ARCHS = arm64;
			};
			name = Release;
		};
		508BF0A1929D9481178C4224 /* Debug */ = {
			isa = XCBuildConfiguration;
			buildSettings = {
				ALWAYS_SEARCH_USER_PATHS = NO;
				ARCHS = arm64;
				CLANG_ANALYZER_NONNULL = YES;
				CLANG_ANALYZER_NUMBER_OBJECT_CONVERSION = YES_AGGRESSIVE;
				CLANG_CXX_LANGUAGE_STANDARD = "gnu++14";
				CLANG_CXX_LIBRARY = "libc++";
				CLANG_ENABLE_MODULES = YES;
				CLANG_ENABLE_OBJC_ARC = YES;
				CLANG_ENABLE_OBJC_WEAK = YES;
				CLANG_WARN_BLOCK_CAPTURE_AUTORELEASING = YES;
				CLANG_WARN_BOOL_CONVERSION = YES;
				CLANG_WARN_COMMA = YES;
				CLANG_WARN_CONSTANT_CONVERSION = YES;
				CLANG_WARN_DEPRECATED_OBJC_IMPLEMENTATIONS = YES;
				CLANG_WARN_DIRECT_OBJC_ISA_USAGE = YES_ERROR;
				CLANG_WARN_DOCUMENTATION_COMMENTS = YES;
				CLANG_WARN_EMPTY_BODY = YES;
				CLANG_WARN_ENUM_CONVERSION = YES;
				CLANG_WARN_INFINITE_RECURSION = YES;
				CLANG_WARN_INT_CONVERSION = YES;
				CLANG_WARN_NON_LITERAL_NULL_CONVERSION = YES;
				CLANG_WARN_OBJC_IMPLICIT_RETAIN_SELF = YES;
				CLANG_WARN_OBJC_LITERAL_CONVERSION = YES;
				CLANG_WARN_OBJC_ROOT_CLASS = YES_ERROR;
				CLANG_WARN_QUOTED_INCLUDE_IN_FRAMEWORK_HEADER = YES;
				CLANG_WARN_RANGE_LOOP_ANALYSIS = YES;
				CLANG_WARN_STRICT_PROTOTYPES = YES;
				CLANG_WARN_SUSPICIOUS_MOVE = YES;
				CLANG_WARN_UNGUARDED_AVAILABILITY = YES_AGGRESSIVE;
				CLANG_WARN_UNREACHABLE_CODE = YES;
				CLANG_WARN__DUPLICATE_METHOD_MATCH = YES;
				CODE_SIGN_IDENTITY = "Apple Development";
				CODE_SIGN_STYLE = Automatic;
				COPY_PHASE_STRIP = NO;
				DEBUG_INFORMATION_FORMAT = dwarf;
				ENABLE_HARDENED_RUNTIME = NO;
				ENABLE_STRICT_OBJC_MSGSEND = YES;
				ENABLE_TESTABILITY = YES;
				EXCLUDED_ARCHS = x86_64;
				GCC_C_LANGUAGE_STANDARD = gnu11;
				GCC_DYNAMIC_NO_PIC = NO;
				GCC_NO_COMMON_BLOCKS = YES;
				GCC_OPTIMIZATION_LEVEL = 0;
				GCC_PREPROCESSOR_DEFINITIONS = (
					"$(inherited)",
					"DEBUG=1",
				);
				GCC_WARN_64_TO_32_BIT_CONVERSION = YES;
				GCC_WARN_ABOUT_RETURN_TYPE = YES_ERROR;
				GCC_WARN_UNDECLARED_SELECTOR = YES;
				GCC_WARN_UNINITIALIZED_AUTOS = YES_AGGRESSIVE;
				GCC_WARN_UNUSED_FUNCTION = YES;
				GCC_WARN_UNUSED_VARIABLE = YES;
				MACOSX_DEPLOYMENT_TARGET = 14.0;
				MTL_ENABLE_DEBUG_INFO = INCLUDE_SOURCE;
				MTL_FAST_MATH = YES;
				ONLY_ACTIVE_ARCH = YES;
				PRODUCT_BUNDLE_IDENTIFIER = com.usingcolor.WhisperLocal;
				PRODUCT_NAME = "$(TARGET_NAME)";
				SDKROOT = macosx;
				SWIFT_ACTIVE_COMPILATION_CONDITIONS = DEBUG;
				SWIFT_OPTIMIZATION_LEVEL = "-Onone";
				SWIFT_VERSION = 5.10;
				VALID_ARCHS = arm64;
			};
			name = Debug;
		};
		5F977A411090F464A94DF549 /* Release */ = {
			isa = XCBuildConfiguration;
			buildSettings = {
				BUNDLE_LOADER = "$(TEST_HOST)";
				CODE_SIGNING_ALLOWED = NO;
				CODE_SIGNING_REQUIRED = NO;
				CODE_SIGN_IDENTITY = "-";
				CODE_SIGN_STYLE = Manual;
				COMBINE_HIDPI_IMAGES = YES;
				GENERATE_INFOPLIST_FILE = YES;
				LD_RUNPATH_SEARCH_PATHS = (
					"$(inherited)",
					"@executable_path/../Frameworks",
					"@loader_path/../Frameworks",
				);
				MACOSX_DEPLOYMENT_TARGET = 14.0;
				PRODUCT_BUNDLE_IDENTIFIER = com.usingcolor.WhisperLocalTests;
				SDKROOT = macosx;
				SWIFT_STRICT_CONCURRENCY = minimal;
				SWIFT_VERSION = 5.10;
			};
			name = Release;
		};
		73CBF0A053B8E1C1E7CA1599 /* Dev */ = {
			isa = XCBuildConfiguration;
			buildSettings = {
				BUNDLE_LOADER = "$(TEST_HOST)";
				CODE_SIGNING_ALLOWED = NO;
				CODE_SIGNING_REQUIRED = NO;
				CODE_SIGN_IDENTITY = "-";
				CODE_SIGN_STYLE = Manual;
				COMBINE_HIDPI_IMAGES = YES;
				GENERATE_INFOPLIST_FILE = YES;
				LD_RUNPATH_SEARCH_PATHS = (
					"$(inherited)",
					"@executable_path/../Frameworks",
					"@loader_path/../Frameworks",
				);
				MACOSX_DEPLOYMENT_TARGET = 14.0;
				PRODUCT_BUNDLE_IDENTIFIER = com.usingcolor.WhisperLocalTests;
				SDKROOT = macosx;
				SWIFT_STRICT_CONCURRENCY = minimal;
				SWIFT_VERSION = 5.10;
			};
			name = Dev;
		};
		9A05DD3502EDD550809974E1 /* Release */ = {
			isa = XCBuildConfiguration;
			buildSettings = {
				ARCHS = arm64;
				ASSETCATALOG_COMPILER_APPICON_NAME = AppIcon;
				CODE_SIGN_ENTITLEMENTS = WhisperLocal/App/WhisperLocal.entitlements;
				CODE_SIGN_IDENTITY = "Apple Development";
				COMBINE_HIDPI_IMAGES = YES;
				CURRENT_PROJECT_VERSION = 17;
				ENABLE_APP_SANDBOX = NO;
				ENABLE_HARDENED_RUNTIME = NO;
				EXCLUDED_ARCHS = x86_64;
				"EXCLUDED_ARCHS[sdk=macosx*]" = x86_64;
				GENERATE_INFOPLIST_FILE = NO;
				INFOPLIST_FILE = WhisperLocal/App/Info.plist;
				LD_RUNPATH_SEARCH_PATHS = (
					"$(inherited)",
					"@executable_path/../Frameworks",
				);
				MARKETING_VERSION = 0.1.9;
				ONLY_ACTIVE_ARCH = YES;
				OTHER_LDFLAGS = "$(inherited) -weak_framework FoundationModels";
				PRODUCT_BUNDLE_IDENTIFIER = com.usingcolor.WhisperLocal;
				PRODUCT_NAME = WhisperLocal;
				SDKROOT = macosx;
				SWIFT_STRICT_CONCURRENCY = minimal;
				VALID_ARCHS = arm64;
			};
			name = Release;
		};
/* End XCBuildConfiguration section */

/* Begin XCConfigurationList section */
		0FE4DE226FFCF51506B27845 /* Build configuration list for PBXNativeTarget "WhisperLocal" */ = {
			isa = XCConfigurationList;
			buildConfigurations = (
				2ECEBDCF9898E93CE6991913 /* Debug */,
				2A886BE0DEB1469FED01F801 /* Dev */,
				9A05DD3502EDD550809974E1 /* Release */,
			);
			defaultConfigurationIsVisible = 0;
			defaultConfigurationName = Debug;
		};
		8F4215B6B4C2B66E752B4146 /* Build configuration list for PBXNativeTarget "WhisperLocalTests" */ = {
			isa = XCConfigurationList;
			buildConfigurations = (
				029490343247D74F8B43044A /* Debug */,
				73CBF0A053B8E1C1E7CA1599 /* Dev */,
				5F977A411090F464A94DF549 /* Release */,
			);
			defaultConfigurationIsVisible = 0;
			defaultConfigurationName = Debug;
		};
		F15A5C628E6F9362E6449999 /* Build configuration list for PBXProject "WhisperLocal" */ = {
			isa = XCConfigurationList;
			buildConfigurations = (
				508BF0A1929D9481178C4224 /* Debug */,
				2BDD03CAEA5C4E15A9E0DF2F /* Dev */,
				4D8673E7A98E84023E4C0242 /* Release */,
			);
			defaultConfigurationIsVisible = 0;
			defaultConfigurationName = Debug;
		};
/* End XCConfigurationList section */

/* Begin XCRemoteSwiftPackageReference section */
		2CBF6F27E19EFB8236BF6362 /* XCRemoteSwiftPackageReference "mlx-swift-lm" */ = {
			isa = XCRemoteSwiftPackageReference;
			repositoryURL = "https://github.com/ml-explore/mlx-swift-lm.git";
			requirement = {
				kind = upToNextMajorVersion;
				minimumVersion = 3.31.4;
			};
		};
		32EA04F18C506FD8179D7911 /* XCRemoteSwiftPackageReference "FluidAudio" */ = {
			isa = XCRemoteSwiftPackageReference;
			repositoryURL = "https://github.com/FluidInference/FluidAudio.git";
			requirement = {
				kind = upToNextMajorVersion;
				minimumVersion = 0.15.6;
			};
		};
		A9DE12CE3577251D6843F4A1 /* XCRemoteSwiftPackageReference "swift-transformers" */ = {
			isa = XCRemoteSwiftPackageReference;
			repositoryURL = "https://github.com/huggingface/swift-transformers.git";
			requirement = {
				kind = upToNextMinorVersion;
				minimumVersion = 1.1.6;
			};
		};
		B80C21C6E0B97E8FDAEBC56A /* XCRemoteSwiftPackageReference "argmax-oss-swift" */ = {
			isa = XCRemoteSwiftPackageReference;
			repositoryURL = "https://github.com/argmaxinc/argmax-oss-swift.git";
			requirement = {
				kind = upToNextMajorVersion;
				minimumVersion = 0.9.0;
			};
		};
		F66139AC7C3F12A98E84B06C /* XCRemoteSwiftPackageReference "swift-huggingface" */ = {
			isa = XCRemoteSwiftPackageReference;
			repositoryURL = "https://github.com/huggingface/swift-huggingface.git";
			requirement = {
				kind = upToNextMajorVersion;
				minimumVersion = 0.9.0;
			};
		};
/* End XCRemoteSwiftPackageReference section */

/* Begin XCSwiftPackageProductDependency section */
		07733DD05D803280B3B375D4 /* MLXHuggingFace */ = {
			isa = XCSwiftPackageProductDependency;
			package = 2CBF6F27E19EFB8236BF6362 /* XCRemoteSwiftPackageReference "mlx-swift-lm" */;
			productName = MLXHuggingFace;
		};
		85AA4A641FF9EABF44C46867 /* MLXLLM */ = {
			isa = XCSwiftPackageProductDependency;
			package = 2CBF6F27E19EFB8236BF6362 /* XCRemoteSwiftPackageReference "mlx-swift-lm" */;
			productName = MLXLLM;
		};
		8CE719A87227A909E499E466 /* WhisperKit */ = {
			isa = XCSwiftPackageProductDependency;
			package = B80C21C6E0B97E8FDAEBC56A /* XCRemoteSwiftPackageReference "argmax-oss-swift" */;
			productName = WhisperKit;
		};
		990F8351E51D2E2961AF2CE4 /* MLXLMCommon */ = {
			isa = XCSwiftPackageProductDependency;
			package = 2CBF6F27E19EFB8236BF6362 /* XCRemoteSwiftPackageReference "mlx-swift-lm" */;
			productName = MLXLMCommon;
		};
		A99161BEE11539679C79444C /* FluidAudio */ = {
			isa = XCSwiftPackageProductDependency;
			package = 32EA04F18C506FD8179D7911 /* XCRemoteSwiftPackageReference "FluidAudio" */;
			productName = FluidAudio;
		};
		CAFAF41E8683133E12EEB1FE /* HuggingFace */ = {
			isa = XCSwiftPackageProductDependency;
			package = F66139AC7C3F12A98E84B06C /* XCRemoteSwiftPackageReference "swift-huggingface" */;
			productName = HuggingFace;
		};
		FFC84E10821749934C2E6D9B /* Tokenizers */ = {
			isa = XCSwiftPackageProductDependency;
			package = A9DE12CE3577251D6843F4A1 /* XCRemoteSwiftPackageReference "swift-transformers" */;
			productName = Tokenizers;
		};
/* End XCSwiftPackageProductDependency section */
	};
	rootObject = C2FB6AF18A2DC3B034D68CB8 /* Project object */;
}
